
Microsoft Visual Studio Solution File, Format Version 12.00
# Visual Studio Version 17
VisualStudioVersion = 17.3.32929.385
MinimumVisualStudioVersion = 10.0.40219.1
Project("{FAE04EC0-301F-11D3-BF4B-00C04F79EFBC}") = "ChatLiveClient", "WPF_ClientTcp\ChatLiveClient.csproj", "{164CC0C7-7812-45C9-AD3A-BA4A2AC2600E}"
EndProject
Global
	GlobalSection(SolutionConfigurationPlatforms) = preSolution
		Debug|Any CPU = Debug|Any CPU
		Release|Any CPU = Release|Any CPU
	EndGlobalSection
	GlobalSection(ProjectConfigurationPlatforms) = postSolution
		{164CC0C7-7812-45C9-AD3A-BA4A2AC2600E}.Debug|Any CPU.ActiveCfg = Debug|Any CPU
		{164CC0C7-7812-45C9-AD3A-BA4A2AC2600E}.Debug|Any CPU.Build.0 = Debug|Any CPU
		{164CC0C7-7812-45C9-AD3A-BA4A2AC2600E}.Release|Any CPU.ActiveCfg = Release|Any CPU
		{164CC0C7-7812-45C9-AD3A-BA4A2AC2600E}.Release|Any CPU.Build.0 = Release|Any CPU
	EndGlobalSection
	GlobalSection(SolutionProperties) = preSolution
		HideSolutionNode = FALSE
	EndGlobalSection
	GlobalSection(ExtensibilityGlobals) = postSolution
		SolutionGuid = {3FE04629-CF03-449F-8832-87414B8ECB91}
	EndGlobalSection
EndGlobal
